Microsoft Visual Studio Solution File, Format Version 12.00
# Visual Studio Version 16
VisualStudioVersion = 16.0.31112.23
MinimumVisualStudioVersion = 10.0.40219.1
Project("{FAE04EC0-301F-11D3-BF4B-00C04F79EFBC}") = "VSModLauncher", "VSModLauncher.csproj", "{203DFBF1-3599-43FD-8487-E1C79C2B788F}"
	ProjectSection(ProjectDependencies) = postProject
		{36C91EE7-484E-4A49-8834-E3502F0FF8CF} = {36C91EE7-484E-4A49-8834-E3502F0FF8CF}
	EndProjectSection
EndProject
Project("{FAE04EC0-301F-11D3-BF4B-00C04F79EFBC}") = "qptech", "mods\qptech\qptech.csproj", "{36C91EE7-484E-4A49-8834-E3502F0FF8CF}"
EndProject
Project("{9A19103F-16F7-4668-BE54-9A1E7A4F7556}") = "Qptech Furniture", "mods\qptech furniture\Qptech Furniture.csproj", "{085393C3-B710-4258-8012-556C7C4F3DF1}"
EndProject
Project("{9A19103F-16F7-4668-BE54-9A1E7A4F7556}") = "RangedWeapons", "mods\weapons wip\RangedWeapons.csproj", "{90ECA706-B5D0-493E-B1B8-E51B71A5BC6D}"
EndProject
Global
	GlobalSection(SolutionConfigurationPlatforms) = preSolution
		Debug|Any CPU = Debug|Any CPU
		Release x64|Any CPU = Release x64|Any CPU
		Release|Any CPU = Release|Any CPU
	EndGlobalSection
	GlobalSection(ProjectConfigurationPlatforms) = postSolution
		{203DFBF1-3599-43FD-8487-E1C79C2B788F}.Debug|Any CPU.ActiveCfg = Debug|Any CPU
		{203DFBF1-3599-43FD-8487-E1C79C2B788F}.Debug|Any CPU.Build.0 = Debug|Any CPU
		{203DFBF1-3599-43FD-8487-E1C79C2B788F}.Release x64|Any CPU.ActiveCfg = Release|Any CPU
		{203DFBF1-3599-43FD-8487-E1C79C2B788F}.Release x64|Any CPU.Build.0 = Release|Any CPU
		{203DFBF1-3599-43FD-8487-E1C79C2B788F}.Release|Any CPU.ActiveCfg = Release|Any CPU
		{203DFBF1-3599-43FD-8487-E1C79C2B788F}.Release|Any CPU.Build.0 = Release|Any CPU
		{36C91EE7-484E-4A49-8834-E3502F0FF8CF}.Debug|Any CPU.ActiveCfg = Debug|Any CPU
		{36C91EE7-484E-4A49-8834-E3502F0FF8CF}.Debug|Any CPU.Build.0 = Debug|Any CPU
		{36C91EE7-484E-4A49-8834-E3502F0FF8CF}.Release x64|Any CPU.ActiveCfg = Release|Any CPU
		{36C91EE7-484E-4A49-8834-E3502F0FF8CF}.Release x64|Any CPU.Build.0 = Release|Any CPU
		{36C91EE7-484E-4A49-8834-E3502F0FF8CF}.Release|Any CPU.ActiveCfg = Release|Any CPU
		{36C91EE7-484E-4A49-8834-E3502F0FF8CF}.Release|Any CPU.Build.0 = Release|Any CPU
		{085393C3-B710-4258-8012-556C7C4F3DF1}.Debug|Any CPU.ActiveCfg = Debug|Any CPU
		{085393C3-B710-4258-8012-556C7C4F3DF1}.Debug|Any CPU.Build.0 = Debug|Any CPU
		{085393C3-B710-4258-8012-556C7C4F3DF1}.Release x64|Any CPU.ActiveCfg = Release|Any CPU
		{085393C3-B710-4258-8012-556C7C4F3DF1}.Release x64|Any CPU.Build.0 = Release|Any CPU
		{085393C3-B710-4258-8012-556C7C4F3DF1}.Release|Any CPU.ActiveCfg = Release|Any CPU
		{085393C3-B710-4258-8012-556C7C4F3DF1}.Release|Any CPU.Build.0 = Release|Any CPU
		{90ECA706-B5D0-493E-B1B8-E51B71A5BC6D}.Debug|Any CPU.ActiveCfg = Debug|Any CPU
		{90ECA706-B5D0-493E-B1B8-E51B71A5BC6D}.Debug|Any CPU.Build.0 = Debug|Any CPU
		{90ECA706-B5D0-493E-B1B8-E51B71A5BC6D}.Release x64|Any CPU.ActiveCfg = Release|Any CPU
		{90ECA706-B5D0-493E-B1B8-E51B71A5BC6D}.Release x64|Any CPU.Build.0 = Release|Any CPU
		{90ECA706-B5D0-493E-B1B8-E51B71A5BC6D}.Release|Any CPU.ActiveCfg = Release|Any CPU
		{90ECA706-B5D0-493E-B1B8-E51B71A5BC6D}.Release|Any CPU.Build.0 = Release|Any CPU
	EndGlobalSection
	GlobalSection(SolutionProperties) = preSolution
		HideSolutionNode = FALSE
	EndGlobalSection
	GlobalSection(ExtensibilityGlobals) = postSolution
		SolutionGuid = {26630D08-373A-4935-AEEC-2864013A5F5B}
	EndGlobalSection
EndGlobal
